{
  "version": "5",
  "specifiers": {
    "jsr:@ikuradon/tsunagiya@0.1": "0.1.0",
    "jsr:@ikuradon/tsunagiya@0.1.0": "0.1.0",
    "jsr:@noble/hashes@^2.0.1": "2.0.1",
    "jsr:@nostr/tools@2.23.1": "2.23.1",
    "jsr:@nostr/tools@^2.23.1": "2.23.1",
    "jsr:@std/assert@1": "1.0.18",
    "jsr:@std/dotenv@0.225": "0.225.6",
    "jsr:@std/internal@^1.0.12": "1.0.12",
    "npm:@noble/ciphers@2.1.1": "2.1.1",
    "npm:@noble/curves@2.0.1": "2.0.1",
    "npm:@noble/hashes@2.0.1": "2.0.1",
    "npm:@scure/base@2.0.0": "2.0.0",
    "npm:@scure/bip32@2.0.1": "2.0.1",
    "npm:@scure/bip39@2.0.1": "2.0.1",
    "npm:nostr-tools@^1.14.0": "1.17.0",
    "npm:nostr-wasm@0.1.0": "0.1.0",
    "npm:piston-client@^1.0.2": "1.0.2"
  },
  "jsr": {
    "@ikuradon/tsunagiya@0.1.0": {
      "integrity": "3b5d924860e87eefc759de38cc663d1f1f4be14a3c2bebf8cf9f6c28a0436a1f"
    },
    "@noble/hashes@2.0.1": {
      "integrity": "e0e908292a0bf91099cf8ba0720a1647cef82ab38b588815b5e9535b4ff4d7bb"
    },
    "@nostr/tools@2.23.1": {
      "integrity": "8ffba4ffd35b5c11618b19c542d2801cc315e4f6f2ecad4568deb88322a6728d",
      "dependencies": [
        "npm:@noble/ciphers",
        "npm:@noble/curves",
        "npm:@noble/hashes@2.0.1",
        "npm:@scure/base",
        "npm:@scure/bip32",
        "npm:@scure/bip39",
        "npm:nostr-wasm"
      ]
    },
    "@std/assert@1.0.18": {
      "integrity": "270245e9c2c13b446286de475131dc688ca9abcd94fc5db41d43a219b34d1c78",
      "dependencies": [
        "jsr:@std/internal"
      ]
    },
    "@std/dotenv@0.225.6": {
      "integrity": "1d6f9db72f565bd26790fa034c26e45ecb260b5245417be76c2279e5734c421b"
    },
    "@std/internal@1.0.12": {
      "integrity": "972a634fd5bc34b242024402972cd5143eac68d8dffaca5eaa4dba30ce17b027"
    }
  },
  "npm": {
    "@noble/ciphers@0.2.0": {
      "integrity": "sha512-6YBxJDAapHSdd3bLDv6x2wRPwq4QFMUaB3HvljNBUTThDd12eSm7/3F+2lnfzx2jvM+S6Nsy0jEt9QbPqSwqRw=="
    },
    "@noble/ciphers@2.1.1": {
      "integrity": "sha512-bysYuiVfhxNJuldNXlFEitTVdNnYUc+XNJZd7Qm2a5j1vZHgY+fazadNFWFaMK/2vye0JVlxV3gHmC0WDfAOQw=="
    },
    "@noble/curves@1.1.0": {
      "integrity": "sha512-091oBExgENk/kGj3AZmtBDMpxQPDtxQABR2B9lb1JbVTs6ytdzZNwvhxQ4MWasRNEzlbEH8jCWFCwhF/Obj5AA==",
      "dependencies": [
        "@noble/hashes@1.3.1"
      ]
    },
    "@noble/curves@2.0.1": {
      "integrity": "sha512-vs1Az2OOTBiP4q0pwjW5aF0xp9n4MxVrmkFBxc6EKZc6ddYx5gaZiAsZoq0uRRXWbi3AT/sBqn05eRPtn1JCPw==",
      "dependencies": [
        "@noble/hashes@2.0.1"
      ]
    },
    "@noble/hashes@1.3.1": {
      "integrity": "sha512-EbqwksQwz9xDRGfDST86whPBgM65E0OH/pCgqW0GBVzO22bNE+NuIbeTb714+IfSjU3aRk47EUvXIb5bTsenKA=="
    },
    "@noble/hashes@2.0.1": {
      "integrity": "sha512-XlOlEbQcE9fmuXxrVTXCTlG2nlRXa9Rj3rr5Ue/+tX+nmkgbX720YHh0VR3hBF9xDvwnb8D2shVGOwNx+ulArw=="
    },
    "@scure/base@1.1.1": {
      "integrity": "sha512-ZxOhsSyxYwLJj3pLZCefNitxsj093tb2vq90mp2txoYeBqbcjDjqFhyM8eUjq/uFm6zJ+mUuqxlS2FkuSY1MTA=="
    },
    "@scure/base@2.0.0": {
      "integrity": "sha512-3E1kpuZginKkek01ovG8krQ0Z44E3DHPjc5S2rjJw9lZn3KSQOs8S7wqikF/AH7iRanHypj85uGyxk0XAyC37w=="
    },
    "@scure/bip32@1.3.1": {
      "integrity": "sha512-osvveYtyzdEVbt3OfwwXFr4P2iVBL5u1Q3q4ONBfDY/UpOuXmOlbgwc1xECEboY8wIays8Yt6onaWMUdUbfl0A==",
      "dependencies": [
        "@noble/curves@1.1.0",
        "@noble/hashes@1.3.1",
        "@scure/base@1.1.1"
      ]
    },
    "@scure/bip32@2.0.1": {
      "integrity": "sha512-4Md1NI5BzoVP+bhyJaY3K6yMesEFzNS1sE/cP+9nuvE7p/b0kx9XbpDHHFl8dHtufcbdHRUUQdRqLIPHN/s7yA==",
      "dependencies": [
        "@noble/curves@2.0.1",
        "@noble/hashes@2.0.1",
        "@scure/base@2.0.0"
      ]
    },
    "@scure/bip39@1.2.1": {
      "integrity": "sha512-Z3/Fsz1yr904dduJD0NpiyRHhRYHdcnyh73FZWiV+/qhWi83wNJ3NWolYqCEN+ZWsUz2TWwajJggcRE9r1zUYg==",
      "dependencies": [
        "@noble/hashes@1.3.1",
        "@scure/base@1.1.1"
      ]
    },
    "@scure/bip39@2.0.1": {
      "integrity": "sha512-PsxdFj/d2AcJcZDX1FXN3dDgitDDTmwf78rKZq1a6c1P1Nan1X/Sxc7667zU3U+AN60g7SxxP0YCVw2H/hBycg==",
      "dependencies": [
        "@noble/hashes@2.0.1",
        "@scure/base@2.0.0"
      ]
    },
    "node-fetch@2.7.0": {
      "integrity": "sha512-c4FRfUm/dbcWZ7U+1Wq0AwCyFL+3nt2bEw05wfxSz+DWpWsitgmSgYmy2dQdWyKC1694ELPqMs/YzUSNozLt8A==",
      "dependencies": [
        "whatwg-url"
      ]
    },
    "nostr-tools@1.17.0": {
      "integrity": "sha512-LZmR8GEWKZeElbFV5Xte75dOeE9EFUW/QLI1Ncn3JKn0kFddDKEfBbFN8Mu4TMs+L4HR/WTPha2l+PPuRnJcMw==",
      "dependencies": [
        "@noble/ciphers@0.2.0",
        "@noble/curves@1.1.0",
        "@noble/hashes@1.3.1",
        "@scure/base@1.1.1",
        "@scure/bip32@1.3.1",
        "@scure/bip39@1.2.1"
      ]
    },
    "nostr-wasm@0.1.0": {
      "integrity": "sha512-78BTryCLcLYv96ONU8Ws3Q1JzjlAt+43pWQhIl86xZmWeegYCNLPml7yQ+gG3vR6V5h4XGj+TxO+SS5dsThQIA=="
    },
    "piston-client@1.0.2": {
      "integrity": "sha512-kQreSVVYTk0SFIYm1nCIKQtiodPCAxPjwAvZyWKkW3fMFbn7HONyYWIPoGVx2xXf5SFD29CbgSRCN3k+LP7mCg==",
      "dependencies": [
        "node-fetch"
      ]
    },
    "tr46@0.0.3": {
      "integrity": "sha512-N3WMsuqV66lT30CrXNbEjx4GEwlow3v6rr4mCcv6prnfwhS01rkgyFdjPNBYd9br7LpXV1+Emh01fHnq2Gdgrw=="
    },
    "webidl-conversions@3.0.1": {
      "integrity": "sha512-2JAn3z8AR6rjK8Sm8orRC0h/bcl/DqL7tRPdGZ4I1CjdF+EaMLmYxBHyXuKL849eucPFhvBoxMsflfOb8kxaeQ=="
    },
    "whatwg-url@5.0.0": {
      "integrity": "sha512-saE57nupxk6v3HY35+jzBwYa0rKSy0XR8JSxZPwgLr7ys0IBzhGviA1/TUGJLmSVqs8pb9AnvICXEuOHLprYTw==",
      "dependencies": [
        "tr46",
        "webidl-conversions"
      ]
    }
  },
  "workspace": {
    "dependencies": [
      "jsr:@ikuradon/tsunagiya@0.1",
      "jsr:@noble/hashes@^2.0.1",
      "jsr:@nostr/tools@^2.23.1",
      "jsr:@std/assert@1",
      "jsr:@std/dotenv@0.225",
      "npm:piston-client@^1.0.2"
    ]
  }
}
